
<<<<<<< HEAD
Microsoft Visual Studio Solution File, Format Version 11.00
# Visual Studio 2010
Project("{FAE04EC0-301F-11D3-BF4B-00C04F79EFBC}") = "NCKU-Hospital-Fire-Sim", "Assembly-CSharp.csproj", "{80EB3CED-1511-1D12-7921-16872483EC36}"
=======
Microsoft Visual Studio Solution File, Format Version 12.00
# Visual Studio 2017
Project("{FAE04EC0-301F-11D3-BF4B-00C04F79EFBC}") = "NCKU-Hospital-Fire-Sim", "NCKU-Hospital-Fire-Sim.csproj", "{7B097F91-F244-7143-0B3C-FBD39A0EE2F9}"
>>>>>>> 2c7fee4f6a17b053c96fde1f2e075ec15e25c492
EndProject
Global
	GlobalSection(SolutionConfigurationPlatforms) = preSolution
		Debug|Any CPU = Debug|Any CPU
		Release|Any CPU = Release|Any CPU
	EndGlobalSection
	GlobalSection(ProjectConfigurationPlatforms) = postSolution
<<<<<<< HEAD
		{80EB3CED-1511-1D12-7921-16872483EC36}.Debug|Any CPU.ActiveCfg = Debug|Any CPU
		{80EB3CED-1511-1D12-7921-16872483EC36}.Debug|Any CPU.Build.0 = Debug|Any CPU
		{80EB3CED-1511-1D12-7921-16872483EC36}.Release|Any CPU.ActiveCfg = Release|Any CPU
		{80EB3CED-1511-1D12-7921-16872483EC36}.Release|Any CPU.Build.0 = Release|Any CPU
=======
		{7B097F91-F244-7143-0B3C-FBD39A0EE2F9}.Debug|Any CPU.ActiveCfg = Debug|Any CPU
		{7B097F91-F244-7143-0B3C-FBD39A0EE2F9}.Debug|Any CPU.Build.0 = Debug|Any CPU
		{7B097F91-F244-7143-0B3C-FBD39A0EE2F9}.Release|Any CPU.ActiveCfg = Release|Any CPU
		{7B097F91-F244-7143-0B3C-FBD39A0EE2F9}.Release|Any CPU.Build.0 = Release|Any CPU
>>>>>>> 2c7fee4f6a17b053c96fde1f2e075ec15e25c492
	EndGlobalSection
	GlobalSection(SolutionProperties) = preSolution
		HideSolutionNode = FALSE
	EndGlobalSection
	GlobalSection(MonoDevelopProperties) = preSolution
		StartupItem = Assembly-CSharp.csproj
	EndGlobalSection
EndGlobal
